
Microsoft Visual Studio Solution File, Format Version 12.00
# Visual Studio Version 17
VisualStudioVersion = 17.4.33213.308
MinimumVisualStudioVersion = 10.0.40219.1
Project("{FAE04EC0-301F-11D3-BF4B-00C04F79EFBC}") = "ContosoUniversity", "ContosoUniversity\ContosoUniversity.csproj", "{763A91E4-0554-46C6-A2A1-D4415668A55A}"
EndProject
Global
	GlobalSection(SolutionConfigurationPlatforms) = preSolution
		Debug|Any CPU = Debug|Any CPU
		Release|Any CPU = Release|Any CPU
	EndGlobalSection
	GlobalSection(ProjectConfigurationPlatforms) = postSolution
		{763A91E4-0554-46C6-A2A1-D4415668A55A}.Debug|Any CPU.ActiveCfg = Debug|Any CPU
		{763A91E4-0554-46C6-A2A1-D4415668A55A}.Debug|Any CPU.Build.0 = Debug|Any CPU
		{763A91E4-0554-46C6-A2A1-D4415668A55A}.Release|Any CPU.ActiveCfg = Release|Any CPU
		{763A91E4-0554-46C6-A2A1-D4415668A55A}.Release|Any CPU.Build.0 = Release|Any CPU
	EndGlobalSection
	GlobalSection(SolutionProperties) = preSolution
		HideSolutionNode = FALSE
	EndGlobalSection
	GlobalSection(ExtensibilityGlobals) = postSolution
		SolutionGuid = {3D09776E-F186-4316-9F2F-CFD653747570}
	EndGlobalSection
EndGlobal
